{
  "name": "vela-automation-worker",
  "version": "1.0.0",
  "lockfileVersion": 3,
  "requires": true,
  "packages": {
    "": {
      "name": "vela-automation-worker",
      "version": "1.0.0",
      "license": "MIT",
      "dependencies": {
        "@tramo/runtime": "0.2.2"
      },
      "engines": {
        "node": ">=20.11.0"
      }
    },
    "node_modules/@tramo/runtime": {
      "version": "0.2.2",
      "resolved": "https://registry.npmjs.org/@tramo/runtime/-/runtime-0.2.2.tgz",
      "integrity": "sha512-pbukLjHbx8THnPweapLFjeVZ+xpzKvpfadhiee60Q4B3TKjp9b2r4P+ghVe3LBVVEWf1A68/8jmWmzfW0PsKIQ==",
      "license": "MIT",
      "dependencies": {
        "@tramo/spec": "0.2.2"
      },
      "engines": {
        "node": ">=18"
      }
    },
    "node_modules/@tramo/spec": {
      "version": "0.2.2",
      "resolved": "https://registry.npmjs.org/@tramo/spec/-/spec-0.2.2.tgz",
      "integrity": "sha512-ZfTKhSp0mhKl4QGzrBulCsXCM6UD8o9LOighhYAGehzLwjfQdWFrKsCmKFWI52b+n52CMlngxbceqzyWs6CyOQ==",
      "license": "MIT",
      "dependencies": {
        "nanoid": "^5.0.0"
      },
      "engines": {
        "node": ">=18"
      }
    },
    "node_modules/nanoid": {
      "version": "5.1.16",
      "resolved": "https://registry.npmjs.org/nanoid/-/nanoid-5.1.16.tgz",
      "integrity": "sha512-kVrnsrJqMR8+oLJnGEmSWw9BivK5mt7H3FZatVRjrc5wGqFYuBxX1yG7+A7Gi5AefkX6t/oCkizcQgpu0cY1dQ==",
      "funding": [
        {
          "type": "github",
          "url": "https://github.com/sponsors/ai"
        }
      ],
      "license": "MIT",
      "bin": {
        "nanoid": "bin/nanoid.js"
      },
      "engines": {
        "node": "^18 || >=20"
      }
    }
  }
}
